
Microsoft Visual Studio Solution File, Format Version 12.00
# Visual Studio Version 17
VisualStudioVersion = 17.4.33103.184
MinimumVisualStudioVersion = 10.0.40219.1
Project("{FAE04EC0-301F-11D3-BF4B-00C04F79EFBC}") = "ReportService", "ReportService.csproj", "{FD0136E8-CA74-43AF-BCF9-1ACA0FE11D06}"
EndProject
Project("{FAE04EC0-301F-11D3-BF4B-00C04F79EFBC}") = "EmailSender", "..\EmailSender\EmailSender.csproj", "{A4DC1F8E-2BF0-4B42-8C8E-C229DAC3328D}"
EndProject
Project("{FAE04EC0-301F-11D3-BF4B-00C04F79EFBC}") = "ReportService.Core", "..\ReportService.Core\ReportService.Core.csproj", "{B631B859-5CC9-48EC-909E-EFE84840C003}"
EndProject
Project("{FAE04EC0-301F-11D3-BF4B-00C04F79EFBC}") = "ReportService.ConsoleApp", "..\ReportService.ConsoleApp\ReportService.ConsoleApp.csproj", "{7B809EFB-6777-46D0-B945-A027179AD989}"
EndProject
Project("{FAE04EC0-301F-11D3-BF4B-00C04F79EFBC}") = "Cipher", "..\Cipher\Cipher.csproj", "{DE1635E4-F687-43F5-B24A-A69E02B2959A}"
EndProject
Global
	GlobalSection(SolutionConfigurationPlatforms) = preSolution
		Debug|Any CPU = Debug|Any CPU
		Release|Any CPU = Release|Any CPU
	EndGlobalSection
	GlobalSection(ProjectConfigurationPlatforms) = postSolution
		{FD0136E8-CA74-43AF-BCF9-1ACA0FE11D06}.Debug|Any CPU.ActiveCfg = Debug|Any CPU
		{FD0136E8-CA74-43AF-BCF9-1ACA0FE11D06}.Debug|Any CPU.Build.0 = Debug|Any CPU
		{FD0136E8-CA74-43AF-BCF9-1ACA0FE11D06}.Release|Any CPU.ActiveCfg = Release|Any CPU
		{FD0136E8-CA74-43AF-BCF9-1ACA0FE11D06}.Release|Any CPU.Build.0 = Release|Any CPU
		{A4DC1F8E-2BF0-4B42-8C8E-C229DAC3328D}.Debug|Any CPU.ActiveCfg = Debug|Any CPU
		{A4DC1F8E-2BF0-4B42-8C8E-C229DAC3328D}.Debug|Any CPU.Build.0 = Debug|Any CPU
		{A4DC1F8E-2BF0-4B42-8C8E-C229DAC3328D}.Release|Any CPU.ActiveCfg = Release|Any CPU
		{A4DC1F8E-2BF0-4B42-8C8E-C229DAC3328D}.Release|Any CPU.Build.0 = Release|Any CPU
		{B631B859-5CC9-48EC-909E-EFE84840C003}.Debug|Any CPU.ActiveCfg = Debug|Any CPU
		{B631B859-5CC9-48EC-909E-EFE84840C003}.Debug|Any CPU.Build.0 = Debug|Any CPU
		{B631B859-5CC9-48EC-909E-EFE84840C003}.Release|Any CPU.ActiveCfg = Release|Any CPU
		{B631B859-5CC9-48EC-909E-EFE84840C003}.Release|Any CPU.Build.0 = Release|Any CPU
		{7B809EFB-6777-46D0-B945-A027179AD989}.Debug|Any CPU.ActiveCfg = Debug|Any CPU
		{7B809EFB-6777-46D0-B945-A027179AD989}.Debug|Any CPU.Build.0 = Debug|Any CPU
		{7B809EFB-6777-46D0-B945-A027179AD989}.Release|Any CPU.ActiveCfg = Release|Any CPU
		{7B809EFB-6777-46D0-B945-A027179AD989}.Release|Any CPU.Build.0 = Release|Any CPU
		{DE1635E4-F687-43F5-B24A-A69E02B2959A}.Debug|Any CPU.ActiveCfg = Debug|Any CPU
		{DE1635E4-F687-43F5-B24A-A69E02B2959A}.Debug|Any CPU.Build.0 = Debug|Any CPU
		{DE1635E4-F687-43F5-B24A-A69E02B2959A}.Release|Any CPU.ActiveCfg = Release|Any CPU
		{DE1635E4-F687-43F5-B24A-A69E02B2959A}.Release|Any CPU.Build.0 = Release|Any CPU
	EndGlobalSection
	GlobalSection(SolutionProperties) = preSolution
		HideSolutionNode = FALSE
	EndGlobalSection
	GlobalSection(ExtensibilityGlobals) = postSolution
		SolutionGuid = {25DD335D-E3AF-4761-AA84-FFBDBEC17491}
	EndGlobalSection
EndGlobal
